// !$*UTF8*$!
{
	archiveVersion = 1;
	classes = {
	};
	objectVersion = 50;
	objects = {

/* Begin PBXBuildFile section */
		3BBD2A2D218A1FC00090368F /* Book.swift in Sources */ = {isa = PBXBuildFile; fileRef = 3BBD2A2C218A1FC00090368F /* Book.swift */; };
		3BBD2A2F218A9CCE0090368F /* BookCollectionViewController.swift in Sources */ = {isa = PBXBuildFile; fileRef = 3BBD2A2E218A9CCE0090368F /* BookCollectionViewController.swift */; };
		3BBD2A32218AB1E70090368F /* SearchViewController.swift in Sources */ = {isa = PBXBuildFile; fileRef = 3BBD2A31218AB1E70090368F /* SearchViewController.swift */; };
		3BBD2A34218AB97F0090368F /* BookDetailViewController.swift in Sources */ = {isa = PBXBuildFile; fileRef = 3BBD2A33218AB97F0090368F /* BookDetailViewController.swift */; };
		618FAC9D2187A9DC009E4197 /* AppDelegate.swift in Sources */ = {isa = PBXBuildFile; fileRef = 618FAC9C2187A9DC009E4197 /* AppDelegate.swift */; };
		618FAC9F2187A9DC009E4197 /* ARViewController.swift in Sources */ = {isa = PBXBuildFile; fileRef = 618FAC9E2187A9DC009E4197 /* ARViewController.swift */; };
		618FACA22187A9DC009E4197 /* Main.storyboard in Resources */ = {isa = PBXBuildFile; fileRef = 618FACA02187A9DC009E4197 /* Main.storyboard */; };
		618FACA52187A9DC009E4197 /* LifeLike.xcdatamodeld in Sources */ = {isa = PBXBuildFile; fileRef = 618FACA32187A9DC009E4197 /* LifeLike.xcdatamodeld */; };
		618FACA72187A9DD009E4197 /* Assets.xcassets in Resources */ = {isa = PBXBuildFile; fileRef = 618FACA62187A9DD009E4197 /* Assets.xcassets */; };
		618FACAA2187A9DD009E4197 /* LaunchScreen.storyboard in Resources */ = {isa = PBXBuildFile; fileRef = 618FACA82187A9DD009E4197 /* LaunchScreen.storyboard */; };
/* End PBXBuildFile section */

/* Begin PBXFileReference section */
		3BBD2A2C218A1FC00090368F /* Book.swift */ = {isa = PBXFileReference; lastKnownFileType = sourcecode.swift; path = Book.swift; sourceTree = "<group>"; };
		3BBD2A2E218A9CCE0090368F /* BookCollectionViewController.swift */ = {isa = PBXFileReference; lastKnownFileType = sourcecode.swift; path = BookCollectionViewController.swift; sourceTree = "<group>"; };
		3BBD2A31218AB1E70090368F /* SearchViewController.swift */ = {isa = PBXFileReference; lastKnownFileType = sourcecode.swift; name = SearchViewController.swift; path = LifeLike/Controllers/SearchViewController.swift; sourceTree = SOURCE_ROOT; };
		3BBD2A33218AB97F0090368F /* BookDetailViewController.swift */ = {isa = PBXFileReference; lastKnownFileType = sourcecode.swift; path = BookDetailViewController.swift; sourceTree = "<group>"; };
		618FAC992187A9DC009E4197 /* LifeLike.app */ = {isa = PBXFileReference; explicitFileType = wrapper.application; includeInIndex = 0; path = LifeLike.app; sourceTree = BUILT_PRODUCTS_DIR; };
		618FAC9C2187A9DC009E4197 /* AppDelegate.swift */ = {isa = PBXFileReference; lastKnownFileType = sourcecode.swift; path = AppDelegate.swift; sourceTree = "<group>"; };
		618FAC9E2187A9DC009E4197 /* ARViewController.swift */ = {isa = PBXFileReference; lastKnownFileType = sourcecode.swift; path = ARViewController.swift; sourceTree = "<group>"; };
		618FACA12187A9DC009E4197 /* Base */ = {isa = PBXFileReference; lastKnownFileType = file.storyboard; name = Base; path = Base.lproj/Main.storyboard; sourceTree = "<group>"; };
		618FACA42187A9DC009E4197 /* LifeLike.xcdatamodel */ = {isa = PBXFileReference; lastKnownFileType = wrapper.xcdatamodel; path = LifeLike.xcdatamodel; sourceTree = "<group>"; };
		618FACA62187A9DD009E4197 /* Assets.xcassets */ = {isa = PBXFileReference; lastKnownFileType = folder.assetcatalog; path = Assets.xcassets; sourceTree = "<group>"; };
		618FACA92187A9DD009E4197 /* Base */ = {isa = PBXFileReference; lastKnownFileType = file.storyboard; name = Base; path = Base.lproj/LaunchScreen.storyboard; sourceTree = "<group>"; };
		618FACAB2187A9DD009E4197 /* Info.plist */ = {isa = PBXFileReference; lastKnownFileType = text.plist.xml; path = Info.plist; sourceTree = "<group>"; };
/* End PBXFileReference section */

/* Begin PBXFrameworksBuildPhase section */
		618FAC962187A9DC009E4197 /* Frameworks */ = {
			isa = PBXFrameworksBuildPhase;
			buildActionMask = 2147483647;
			files = (
			);
			runOnlyForDeploymentPostprocessing = 0;
		};
/* End PBXFrameworksBuildPhase section */

/* Begin PBXGroup section */
		3BBD2A2B218A1E450090368F /* Models */ = {
			isa = PBXGroup;
			children = (
				3BBD2A2C218A1FC00090368F /* Book.swift */,
			);
			path = Models;
			sourceTree = "<group>";
		};
		618FAC902187A9DC009E4197 = {
			isa = PBXGroup;
			children = (
				618FAC9B2187A9DC009E4197 /* LifeLike */,
				618FAC9A2187A9DC009E4197 /* Products */,
			);
			sourceTree = "<group>";
		};
		618FAC9A2187A9DC009E4197 /* Products */ = {
			isa = PBXGroup;
			children = (
				618FAC992187A9DC009E4197 /* LifeLike.app */,
			);
			name = Products;
			sourceTree = "<group>";
		};
		618FAC9B2187A9DC009E4197 /* LifeLike */ = {
			isa = PBXGroup;
			children = (
				3BBD2A2B218A1E450090368F /* Models */,
				618FACB12187A9E7009E4197 /* AppDelegate */,
				618FACB22187A9F2009E4197 /* Controllers */,
				618FACB32187A9FB009E4197 /* Views */,
				618FACA62187A9DD009E4197 /* Assets.xcassets */,
				618FACAB2187A9DD009E4197 /* Info.plist */,
				618FACA32187A9DC009E4197 /* LifeLike.xcdatamodeld */,
			);
			path = LifeLike;
			sourceTree = "<group>";
		};
		618FACB12187A9E7009E4197 /* AppDelegate */ = {
			isa = PBXGroup;
			children = (
				618FAC9C2187A9DC009E4197 /* AppDelegate.swift */,
			);
			path = AppDelegate;
			sourceTree = "<group>";
		};
		618FACB22187A9F2009E4197 /* Controllers */ = {
			isa = PBXGroup;
			children = (
				3BBD2A31218AB1E70090368F /* SearchViewController.swift */,
				618FAC9E2187A9DC009E4197 /* ARViewController.swift */,
				3BBD2A2E218A9CCE0090368F /* BookCollectionViewController.swift */,
				3BBD2A33218AB97F0090368F /* BookDetailViewController.swift */,
			);
			path = Controllers;
			sourceTree = "<group>";
		};
		618FACB32187A9FB009E4197 /* Views */ = {
			isa = PBXGroup;
			children = (
				618FACA02187A9DC009E4197 /* Main.storyboard */,
				618FACA82187A9DD009E4197 /* LaunchScreen.storyboard */,
			);
			path = Views;
			sourceTree = "<group>";
		};
/* End PBXGroup section */

/* Begin PBXNativeTarget section */
		618FAC982187A9DC009E4197 /* LifeLike */ = {
			isa = PBXNativeTarget;
			buildConfigurationList = 618FACAE2187A9DD009E4197 /* Build configuration list for PBXNativeTarget "LifeLike" */;
			buildPhases = (
				618FAC952187A9DC009E4197 /* Sources */,
				618FAC962187A9DC009E4197 /* Frameworks */,
				618FAC972187A9DC009E4197 /* Resources */,
			);
			buildRules = (
			);
			dependencies = (
			);
			name = LifeLike;
			productName = LifeLike;
			productReference = 618FAC992187A9DC009E4197 /* LifeLike.app */;
			productType = "com.apple.product-type.application";
		};
/* End PBXNativeTarget section */

/* Begin PBXProject section */
		618FAC912187A9DC009E4197 /* Project object */ = {
			isa = PBXProject;
			attributes = {
				LastSwiftUpdateCheck = 1000;
				LastUpgradeCheck = 1000;
				ORGANIZATIONNAME = "Devin Fan";
				TargetAttributes = {
					618FAC982187A9DC009E4197 = {
						CreatedOnToolsVersion = 10.0;
					};
				};
			};
			buildConfigurationList = 618FAC942187A9DC009E4197 /* Build configuration list for PBXProject "LifeLike" */;
			compatibilityVersion = "Xcode 9.3";
			developmentRegion = en;
			hasScannedForEncodings = 0;
			knownRegions = (
				en,
				Base,
			);
			mainGroup = 618FAC902187A9DC009E4197;
			productRefGroup = 618FAC9A2187A9DC009E4197 /* Products */;
			projectDirPath = "";
			projectRoot = "";
			targets = (
				618FAC982187A9DC009E4197 /* LifeLike */,
			);
		};
/* End PBXProject section */

/* Begin PBXResourcesBuildPhase section */
		618FAC972187A9DC009E4197 /* Resources */ = {
			isa = PBXResourcesBuildPhase;
			buildActionMask = 2147483647;
			files = (
				618FACAA2187A9DD009E4197 /* LaunchScreen.storyboard in Resources */,
				618FACA72187A9DD009E4197 /* Assets.xcassets in Resources */,
				618FACA22187A9DC009E4197 /* Main.storyboard in Resources */,
			);
			runOnlyForDeploymentPostprocessing = 0;
		};
/* End PBXResourcesBuildPhase section */

/* Begin PBXSourcesBuildPhase section */
		618FAC952187A9DC009E4197 /* Sources */ = {
			isa = PBXSourcesBuildPhase;
			buildActionMask = 2147483647;
			files = (
				3BBD2A32218AB1E70090368F /* SearchViewController.swift in Sources */,
				618FAC9F2187A9DC009E4197 /* ARViewController.swift in Sources */,
				618FACA52187A9DC009E4197 /* LifeLike.xcdatamodeld in Sources */,
				618FAC9D2187A9DC009E4197 /* AppDelegate.swift in Sources */,
				3BBD2A34218AB97F0090368F /* BookDetailViewController.swift in Sources */,
				3BBD2A2D218A1FC00090368F /* Book.swift in Sources */,
				3BBD2A2F218A9CCE0090368F /* BookCollectionViewController.swift in Sources */,
			);
			runOnlyForDeploymentPostprocessing = 0;
		};
/* End PBXSourcesBuildPhase section */

/* Begin PBXVariantGroup section */
		618FACA02187A9DC009E4197 /* Main.storyboard */ = {
			isa = PBXVariantGroup;
			children = (
				618FACA12187A9DC009E4197 /* Base */,
			);
			name = Main.storyboard;
			sourceTree = "<group>";
		};
		618FACA82187A9DD009E4197 /* LaunchScreen.storyboard */ = {
			isa = PBXVariantGroup;
			children = (
				618FACA92187A9DD009E4197 /* Base */,
			);
			name = LaunchScreen.storyboard;
			sourceTree = "<group>";
		};
/* End PBXVariantGroup section */

/* Begin XCBuildConfiguration section */
		618FACAC2187A9DD009E4197 /* Debug */ = {
			isa = XCBuildConfiguration;
			buildSettings = {
				ALWAYS_SEARCH_USER_PATHS = NO;
				CLANG_ANALYZER_NONNULL = YES;
				CLANG_ANALYZER_NUMBER_OBJECT_CONVERSION = YES_AGGRESSIVE;
				CLANG_CXX_LANGUAGE_STANDARD = "gnu++14";
				CLANG_CXX_LIBRARY = "libc++";
				CLANG_ENABLE_MODULES = YES;
				CLANG_ENABLE_OBJC_ARC = YES;
				CLANG_ENABLE_OBJC_WEAK = YES;
				CLANG_WARN_BLOCK_CAPTURE_AUTORELEASING = YES;
				CLANG_WARN_BOOL_CONVERSION = YES;
				CLANG_WARN_COMMA = YES;
				CLANG_WARN_CONSTANT_CONVERSION = YES;
				CLANG_WARN_DEPRECATED_OBJC_IMPLEMENTATIONS = YES;
				CLANG_WARN_DIRECT_OBJC_ISA_USAGE = YES_ERROR;
				CLANG_WARN_DOCUMENTATION_COMMENTS = YES;
				CLANG_WARN_EMPTY_BODY = YES;
				CLANG_WARN_ENUM_CONVERSION = YES;
				CLANG_WARN_INFINITE_RECURSION = YES;
				CLANG_WARN_INT_CONVERSION = YES;
				CLANG_WARN_NON_LITERAL_NULL_CONVERSION = YES;
				CLANG_WARN_OBJC_IMPLICIT_RETAIN_SELF = YES;
				CLANG_WARN_OBJC_LITERAL_CONVERSION = YES;
				CLANG_WARN_OBJC_ROOT_CLASS = YES_ERROR;
				CLANG_WARN_RANGE_LOOP_ANALYSIS = YES;
				CLANG_WARN_STRICT_PROTOTYPES = YES;
				CLANG_WARN_SUSPICIOUS_MOVE = YES;
				CLANG_WARN_UNGUARDED_AVAILABILITY = YES_AGGRESSIVE;
				CLANG_WARN_UNREACHABLE_CODE = YES;
				CLANG_WARN__DUPLICATE_METHOD_MATCH = YES;
				CODE_SIGN_IDENTITY = "iPhone Developer";
				COPY_PHASE_STRIP = NO;
				DEBUG_INFORMATION_FORMAT = dwarf;
				ENABLE_STRICT_OBJC_MSGSEND = YES;
				ENABLE_TESTABILITY = YES;
				GCC_C_LANGUAGE_STANDARD = gnu11;
				GCC_DYNAMIC_NO_PIC = NO;
				GCC_NO_COMMON_BLOCKS = YES;
				GCC_OPTIMIZATION_LEVEL = 0;
				GCC_PREPROCESSOR_DEFINITIONS = (
					"DEBUG=1",
					"$(inherited)",
				);
				GCC_WARN_64_TO_32_BIT_CONVERSION = YES;
				GCC_WARN_ABOUT_RETURN_TYPE = YES_ERROR;
				GCC_WARN_UNDECLARED_SELECTOR = YES;
				GCC_WARN_UNINITIALIZED_AUTOS = YES_AGGRESSIVE;
				GCC_WARN_UNUSED_FUNCTION = YES;
				GCC_WARN_UNUSED_VARIABLE = YES;
				IPHONEOS_DEPLOYMENT_TARGET = 12.0;
				MTL_ENABLE_DEBUG_INFO = INCLUDE_SOURCE;
				MTL_FAST_MATH = YES;
				ONLY_ACTIVE_ARCH = YES;
				SDKROOT = iphoneos;
				SWIFT_ACTIVE_COMPILATION_CONDITIONS = DEBUG;
				SWIFT_OPTIMIZATION_LEVEL = "-Onone";
			};
			name = Debug;
		};
		618FACAD2187A9DD009E4197 /* Release */ = {
			isa = XCBuildConfiguration;
			buildSettings = {
				ALWAYS_SEARCH_USER_PATHS = NO;
				CLANG_ANALYZER_NONNULL = YES;
				CLANG_ANALYZER_NUMBER_OBJECT_CONVERSION = YES_AGGRESSIVE;
				CLANG_CXX_LANGUAGE_STANDARD = "gnu++14";
				CLANG_CXX_LIBRARY = "libc++";
				CLANG_ENABLE_MODULES = YES;
				CLANG_ENABLE_OBJC_ARC = YES;
				CLANG_ENABLE_OBJC_WEAK = YES;
				CLANG_WARN_BLOCK_CAPTURE_AUTORELEASING = YES;
				CLANG_WARN_BOOL_CONVERSION = YES;
				CLANG_WARN_COMMA = YES;
				CLANG_WARN_CONSTANT_CONVERSION = YES;
				CLANG_WARN_DEPRECATED_OBJC_IMPLEMENTATIONS = YES;
				CLANG_WARN_DIRECT_OBJC_ISA_USAGE = YES_ERROR;
				CLANG_WARN_DOCUMENTATION_COMMENTS = YES;
				CLANG_WARN_EMPTY_BODY = YES;
				CLANG_WARN_ENUM_CONVERSION = YES;
				CLANG_WARN_INFINITE_RECURSION = YES;
				CLANG_WARN_INT_CONVERSION = YES;
				CLANG_WARN_NON_LITERAL_NULL_CONVERSION = YES;
				CLANG_WARN_OBJC_IMPLICIT_RETAIN_SELF = YES;
				CLANG_WARN_OBJC_LITERAL_CONVERSION = YES;
				CLANG_WARN_OBJC_ROOT_CLASS = YES_ERROR;
				CLANG_WARN_RANGE_LOOP_ANALYSIS = YES;
				CLANG_WARN_STRICT_PROTOTYPES = YES;
				CLANG_WARN_SUSPICIOUS_MOVE = YES;
				CLANG_WARN_UNGUARDED_AVAILABILITY = YES_AGGRESSIVE;
				CLANG_WARN_UNREACHABLE_CODE = YES;
				CLANG_WARN__DUPLICATE_METHOD_MATCH = YES;
				CODE_SIGN_IDENTITY = "iPhone Developer";
				COPY_PHASE_STRIP = NO;
				DEBUG_INFORMATION_FORMAT = "dwarf-with-dsym";
				ENABLE_NS_ASSERTIONS = NO;
				ENABLE_STRICT_OBJC_MSGSEND = YES;
				GCC_C_LANGUAGE_STANDARD = gnu11;
				GCC_NO_COMMON_BLOCKS = YES;
				GCC_WARN_64_TO_32_BIT_CONVERSION = YES;
				GCC_WARN_ABOUT_RETURN_TYPE = YES_ERROR;
				GCC_WARN_UNDECLARED_SELECTOR = YES;
				GCC_WARN_UNINITIALIZED_AUTOS = YES_AGGRESSIVE;
				GCC_WARN_UNUSED_FUNCTION = YES;
				GCC_WARN_UNUSED_VARIABLE = YES;
				IPHONEOS_DEPLOYMENT_TARGET = 12.0;
				MTL_ENABLE_DEBUG_INFO = NO;
				MTL_FAST_MATH = YES;
				SDKROOT = iphoneos;
				SWIFT_COMPILATION_MODE = wholemodule;
				SWIFT_OPTIMIZATION_LEVEL = "-O";
				VALIDATE_PRODUCT = YES;
			};
			name = Release;
		};
		618FACAF2187A9DD009E4197 /* Debug */ = {
			isa = XCBuildConfiguration;
			buildSettings = {
				ASSETCATALOG_COMPILER_APPICON_NAME = AppIcon;
				CODE_SIGN_STYLE = Automatic;
				DEVELOPMENT_TEAM = 8DH9CSDXAJ;
				INFOPLIST_FILE = LifeLike/Info.plist;
				LD_RUNPATH_SEARCH_PATHS = (
					"$(inherited)",
					"@executable_path/Frameworks",
				);
				PRODUCT_BUNDLE_IDENTIFIER = com.devin.fan.LifeLike;
				PRODUCT_NAME = "$(TARGET_NAME)";
				SWIFT_VERSION = 4.2;
				TARGETED_DEVICE_FAMILY = "1,2";
			};
			name = Debug;
		};
		618FACB02187A9DD009E4197 /* Release */ = {
			isa = XCBuildConfiguration;
			buildSettings = {
				ASSETCATALOG_COMPILER_APPICON_NAME = AppIcon;
				CODE_SIGN_STYLE = Automatic;
				DEVELOPMENT_TEAM = 8DH9CSDXAJ;
				INFOPLIST_FILE = LifeLike/Info.plist;
				LD_RUNPATH_SEARCH_PATHS = (
					"$(inherited)",
					"@executable_path/Frameworks",
				);
				PRODUCT_BUNDLE_IDENTIFIER = com.devin.fan.LifeLike;
				PRODUCT_NAME = "$(TARGET_NAME)";
				SWIFT_VERSION = 4.2;
				TARGETED_DEVICE_FAMILY = "1,2";
			};
			name = Release;
		};
/* End XCBuildConfiguration section */

/* Begin XCConfigurationList section */
		618FAC942187A9DC009E4197 /* Build configuration list for PBXProject "LifeLike" */ = {
			isa = XCConfigurationList;
			buildConfigurations = (
				618FACAC2187A9DD009E4197 /* Debug */,
				618FACAD2187A9DD009E4197 /* Release */,
			);
			defaultConfigurationIsVisible = 0;
			defaultConfigurationName = Release;
		};
		618FACAE2187A9DD009E4197 /* Build configuration list for PBXNativeTarget "LifeLike" */ = {
			isa = XCConfigurationList;
			buildConfigurations = (
				618FACAF2187A9DD009E4197 /* Debug */,
				618FACB02187A9DD009E4197 /* Release */,
			);
			defaultConfigurationIsVisible = 0;
			defaultConfigurationName = Release;
		};
/* End XCConfigurationList section */

/* Begin XCVersionGroup section */
		618FACA32187A9DC009E4197 /* LifeLike.xcdatamodeld */ = {
			isa = XCVersionGroup;
			children = (
				618FACA42187A9DC009E4197 /* LifeLike.xcdatamodel */,
			);
			currentVersion = 618FACA42187A9DC009E4197 /* LifeLike.xcdatamodel */;
			path = LifeLike.xcdatamodeld;
			sourceTree = "<group>";
			versionGroupType = wrapper.xcdatamodel;
		};
/* End XCVersionGroup section */
	};
	rootObject = 618FAC912187A9DC009E4197 /* Project object */;
}
